
Microsoft Visual Studio Solution File, Format Version 12.00
# Visual Studio Version 17
VisualStudioVersion = 17.14.37516.0 d17.14
MinimumVisualStudioVersion = 10.0.40219.1
Project("{FAE04EC0-301F-11D3-BF4B-00C04F79EFBC}") = "WEB_TENNIC", "WEB_TENNIC\WEB_TENNIC.csproj", "{F25D3FA1-8C70-4364-8084-C16B1FC9B6C1}"
EndProject
Global
	GlobalSection(SolutionConfigurationPlatforms) = preSolution
		Debug|Any CPU = Debug|Any CPU
		Release|Any CPU = Release|Any CPU
	EndGlobalSection
	GlobalSection(ProjectConfigurationPlatforms) = postSolution
		{F25D3FA1-8C70-4364-8084-C16B1FC9B6C1}.Debug|Any CPU.ActiveCfg = Debug|Any CPU
		{F25D3FA1-8C70-4364-8084-C16B1FC9B6C1}.Debug|Any CPU.Build.0 = Debug|Any CPU
		{F25D3FA1-8C70-4364-8084-C16B1FC9B6C1}.Release|Any CPU.ActiveCfg = Release|Any CPU
		{F25D3FA1-8C70-4364-8084-C16B1FC9B6C1}.Release|Any CPU.Build.0 = Release|Any CPU
	EndGlobalSection
	GlobalSection(SolutionProperties) = preSolution
		HideSolutionNode = FALSE
	EndGlobalSection
	GlobalSection(ExtensibilityGlobals) = postSolution
		SolutionGuid = {82CB7045-F534-4CD5-B9CB-668337A74B46}
	EndGlobalSection
EndGlobal
